
Microsoft Visual Studio Solution File, Format Version 12.00
# Visual Studio 15
VisualStudioVersion = 15.0.26730.12
MinimumVisualStudioVersion = 10.0.40219.1
Project("{9A19103F-16F7-4668-BE54-9A1E7A4F7556}") = "PlanningPoker.Api", "PlanningPoker.Api\PlanningPoker.Api.csproj", "{4E2603AA-38BC-400E-AE28-B29AD9059149}"
EndProject
Project("{E53339B2-1760-4266-BCC7-CA923CBCF16C}") = "docker-compose", "docker-compose.dcproj", "{64624527-669A-4ED5-A6F7-C124F73BF4E2}"
EndProject
Project("{9A19103F-16F7-4668-BE54-9A1E7A4F7556}") = "PlanningPoker.Library", "PlanningPoker.Library\PlanningPoker.Library.csproj", "{F1A5823B-EB42-4D7F-AB37-80FA7A713D0F}"
EndProject
Project("{FAE04EC0-301F-11D3-BF4B-00C04F79EFBC}") = "PlanningPoker.DataAccess", "PlanningPoker.DataAccess\PlanningPoker.DataAccess.csproj", "{429B8469-0795-4B09-969F-6B3353F5247C}"
EndProject
Global
	GlobalSection(SolutionConfigurationPlatforms) = preSolution
		Debug|Any CPU = Debug|Any CPU
		Release|Any CPU = Release|Any CPU
	EndGlobalSection
	GlobalSection(ProjectConfigurationPlatforms) = postSolution
		{4E2603AA-38BC-400E-AE28-B29AD9059149}.Debug|Any CPU.ActiveCfg = Debug|Any CPU
		{4E2603AA-38BC-400E-AE28-B29AD9059149}.Debug|Any CPU.Build.0 = Debug|Any CPU
		{4E2603AA-38BC-400E-AE28-B29AD9059149}.Release|Any CPU.ActiveCfg = Release|Any CPU
		{4E2603AA-38BC-400E-AE28-B29AD9059149}.Release|Any CPU.Build.0 = Release|Any CPU
		{64624527-669A-4ED5-A6F7-C124F73BF4E2}.Debug|Any CPU.ActiveCfg = Debug|Any CPU
		{64624527-669A-4ED5-A6F7-C124F73BF4E2}.Debug|Any CPU.Build.0 = Debug|Any CPU
		{64624527-669A-4ED5-A6F7-C124F73BF4E2}.Release|Any CPU.ActiveCfg = Release|Any CPU
		{64624527-669A-4ED5-A6F7-C124F73BF4E2}.Release|Any CPU.Build.0 = Release|Any CPU
		{F1A5823B-EB42-4D7F-AB37-80FA7A713D0F}.Debug|Any CPU.ActiveCfg = Debug|Any CPU
		{F1A5823B-EB42-4D7F-AB37-80FA7A713D0F}.Debug|Any CPU.Build.0 = Debug|Any CPU
		{F1A5823B-EB42-4D7F-AB37-80FA7A713D0F}.Release|Any CPU.ActiveCfg = Release|Any CPU
		{F1A5823B-EB42-4D7F-AB37-80FA7A713D0F}.Release|Any CPU.Build.0 = Release|Any CPU
		{429B8469-0795-4B09-969F-6B3353F5247C}.Debug|Any CPU.ActiveCfg = Debug|Any CPU
		{429B8469-0795-4B09-969F-6B3353F5247C}.Debug|Any CPU.Build.0 = Debug|Any CPU
		{429B8469-0795-4B09-969F-6B3353F5247C}.Release|Any CPU.ActiveCfg = Release|Any CPU
		{429B8469-0795-4B09-969F-6B3353F5247C}.Release|Any CPU.Build.0 = Release|Any CPU
	EndGlobalSection
	GlobalSection(SolutionProperties) = preSolution
		HideSolutionNode = FALSE
	EndGlobalSection
	GlobalSection(ExtensibilityGlobals) = postSolution
		SolutionGuid = {E37AA4E6-C6A4-4E21-9522-FF6F6AFC3E11}
	EndGlobalSection
EndGlobal
